
Microsoft Visual Studio Solution File, Format Version 12.00
# Visual Studio Version 17
VisualStudioVersion = 17.14.36414.22 d17.14
MinimumVisualStudioVersion = 10.0.40219.1
Project("{54A90642-561A-4BB1-A94E-469ADEE60C69}") = "NCHU", "NCHU\NCHU.esproj", "{E304821B-CF3C-4578-A3D3-37E2F85454DB}"
EndProject
Global
	GlobalSection(SolutionConfigurationPlatforms) = preSolution
		Debug|Any CPU = Debug|Any CPU
		Release|Any CPU = Release|Any CPU
	EndGlobalSection
	GlobalSection(ProjectConfigurationPlatforms) = postSolution
		{E304821B-CF3C-4578-A3D3-37E2F85454DB}.Debug|Any CPU.ActiveCfg = Debug|Any CPU
		{E304821B-CF3C-4578-A3D3-37E2F85454DB}.Debug|Any CPU.Build.0 = Debug|Any CPU
		{E304821B-CF3C-4578-A3D3-37E2F85454DB}.Debug|Any CPU.Deploy.0 = Debug|Any CPU
		{E304821B-CF3C-4578-A3D3-37E2F85454DB}.Release|Any CPU.ActiveCfg = Release|Any CPU
		{E304821B-CF3C-4578-A3D3-37E2F85454DB}.Release|Any CPU.Build.0 = Release|Any CPU
		{E304821B-CF3C-4578-A3D3-37E2F85454DB}.Release|Any CPU.Deploy.0 = Release|Any CPU
	EndGlobalSection
	GlobalSection(SolutionProperties) = preSolution
		HideSolutionNode = FALSE
	EndGlobalSection
	GlobalSection(ExtensibilityGlobals) = postSolution
		SolutionGuid = {EAE58857-BC87-4E16-B958-86919515F72F}
	EndGlobalSection
EndGlobal
